// !$*UTF8*$!
{
	archiveVersion = 1;
	classes = {
	};
	objectVersion = 56;
	objects = {

/* Begin PBXBuildFile section */
		990F07E82B2B0F7700489055 /* coin.wav in Resources */ = {isa = PBXBuildFile; fileRef = 990F07E72B2B0F7700489055 /* coin.wav */; };
		990F07EA2B2B133900489055 /* ShopScene.swift in Sources */ = {isa = PBXBuildFile; fileRef = 990F07E92B2B133900489055 /* ShopScene.swift */; };
		996124FB2B1F914B007F316D /* AppDelegate.swift in Sources */ = {isa = PBXBuildFile; fileRef = 996124FA2B1F914B007F316D /* AppDelegate.swift */; };
		996125012B1F914B007F316D /* GameScene.swift in Sources */ = {isa = PBXBuildFile; fileRef = 996125002B1F914B007F316D /* GameScene.swift */; };
		996125032B1F914B007F316D /* GameViewController.swift in Sources */ = {isa = PBXBuildFile; fileRef = 996125022B1F914B007F316D /* GameViewController.swift */; };
		996125062B1F914B007F316D /* Main.storyboard in Resources */ = {isa = PBXBuildFile; fileRef = 996125042B1F914B007F316D /* Main.storyboard */; };
		996125082B1F914C007F316D /* Assets.xcassets in Resources */ = {isa = PBXBuildFile; fileRef = 996125072B1F914C007F316D /* Assets.xcassets */; };
		9961250B2B1F914C007F316D /* LaunchScreen.storyboard in Resources */ = {isa = PBXBuildFile; fileRef = 996125092B1F914C007F316D /* LaunchScreen.storyboard */; };
		996125132B1F9228007F316D /* MenuScene.swift in Sources */ = {isa = PBXBuildFile; fileRef = 996125122B1F9228007F316D /* MenuScene.swift */; };
		996125162B1F926B007F316D /* Settings.swift in Sources */ = {isa = PBXBuildFile; fileRef = 996125152B1F926B007F316D /* Settings.swift */; };
		996EDDD72B1F95D900F134B3 /* superJump.wav in Resources */ = {isa = PBXBuildFile; fileRef = 996EDDD32B1F95D900F134B3 /* superJump.wav */; };
		996EDDD82B1F95D900F134B3 /* jump.wav in Resources */ = {isa = PBXBuildFile; fileRef = 996EDDD42B1F95D900F134B3 /* jump.wav */; };
		996EDDD92B1F95D900F134B3 /* break.wav in Resources */ = {isa = PBXBuildFile; fileRef = 996EDDD52B1F95D900F134B3 /* break.wav */; };
		996EDDDA2B1F95D900F134B3 /* gameOver.wav in Resources */ = {isa = PBXBuildFile; fileRef = 996EDDD62B1F95D900F134B3 /* gameOver.wav */; };
		998FB9412B2B964A00384DC7 /* Horse.swift in Sources */ = {isa = PBXBuildFile; fileRef = 998FB9402B2B964A00384DC7 /* Horse.swift */; };
		99EAA85B2B2A527900386863 /* pig.wav in Resources */ = {isa = PBXBuildFile; fileRef = 99EAA8572B2A527900386863 /* pig.wav */; };
		99EAA85C2B2A527900386863 /* duck.wav in Resources */ = {isa = PBXBuildFile; fileRef = 99EAA8582B2A527900386863 /* duck.wav */; };
		99EAA85D2B2A527900386863 /* bird.wav in Resources */ = {isa = PBXBuildFile; fileRef = 99EAA8592B2A527900386863 /* bird.wav */; };
		99EAA85E2B2A527900386863 /* frog.wav in Resources */ = {isa = PBXBuildFile; fileRef = 99EAA85A2B2A527900386863 /* frog.wav */; };
		BCC8AC8F2B29D156002046F0 /* pixelfj8pt1.normal.ttf in Resources */ = {isa = PBXBuildFile; fileRef = BCC8AC8E2B29D156002046F0 /* pixelfj8pt1.normal.ttf */; };
		C28FF2462B2AF0CD00127615 /* gameMusic.wav in Resources */ = {isa = PBXBuildFile; fileRef = C28FF2452B2AF0CD00127615 /* gameMusic.wav */; };
		C2C7AF1C2B20954B00317321 /* SampleCode.xcconfig in Resources */ = {isa = PBXBuildFile; fileRef = C2C7AF1B2B20954B00317321 /* SampleCode.xcconfig */; };
/* End PBXBuildFile section */

/* Begin PBXFileReference section */
		990F07E72B2B0F7700489055 /* coin.wav */ = {isa = PBXFileReference; lastKnownFileType = audio.wav; path = coin.wav; sourceTree = "<group>"; };
		990F07E92B2B133900489055 /* ShopScene.swift */ = {isa = PBXFileReference; lastKnownFileType = sourcecode.swift; path = ShopScene.swift; sourceTree = "<group>"; };
		996124F72B1F914B007F316D /* Juan-The-Game.app */ = {isa = PBXFileReference; explicitFileType = wrapper.application; includeInIndex = 0; path = "Juan-The-Game.app"; sourceTree = BUILT_PRODUCTS_DIR; };
		996124FA2B1F914B007F316D /* AppDelegate.swift */ = {isa = PBXFileReference; lastKnownFileType = sourcecode.swift; path = AppDelegate.swift; sourceTree = "<group>"; };
		996125002B1F914B007F316D /* GameScene.swift */ = {isa = PBXFileReference; lastKnownFileType = sourcecode.swift; path = GameScene.swift; sourceTree = "<group>"; };
		996125022B1F914B007F316D /* GameViewController.swift */ = {isa = PBXFileReference; lastKnownFileType = sourcecode.swift; path = GameViewController.swift; sourceTree = "<group>"; };
		996125052B1F914B007F316D /* Base */ = {isa = PBXFileReference; lastKnownFileType = file.storyboard; name = Base; path = Base.lproj/Main.storyboard; sourceTree = "<group>"; };
		996125072B1F914C007F316D /* Assets.xcassets */ = {isa = PBXFileReference; lastKnownFileType = folder.assetcatalog; path = Assets.xcassets; sourceTree = "<group>"; };
		9961250A2B1F914C007F316D /* Base */ = {isa = PBXFileReference; lastKnownFileType = file.storyboard; name = Base; path = Base.lproj/LaunchScreen.storyboard; sourceTree = "<group>"; };
		996125122B1F9228007F316D /* MenuScene.swift */ = {isa = PBXFileReference; lastKnownFileType = sourcecode.swift; path = MenuScene.swift; sourceTree = "<group>"; };
		996125152B1F926B007F316D /* Settings.swift */ = {isa = PBXFileReference; lastKnownFileType = sourcecode.swift; path = Settings.swift; sourceTree = "<group>"; };
		996EDDD32B1F95D900F134B3 /* superJump.wav */ = {isa = PBXFileReference; lastKnownFileType = audio.wav; path = superJump.wav; sourceTree = "<group>"; };
		996EDDD42B1F95D900F134B3 /* jump.wav */ = {isa = PBXFileReference; lastKnownFileType = audio.wav; path = jump.wav; sourceTree = "<group>"; };
		996EDDD52B1F95D900F134B3 /* break.wav */ = {isa = PBXFileReference; lastKnownFileType = audio.wav; path = break.wav; sourceTree = "<group>"; };
		996EDDD62B1F95D900F134B3 /* gameOver.wav */ = {isa = PBXFileReference; lastKnownFileType = audio.wav; path = gameOver.wav; sourceTree = "<group>"; };
		998FB9402B2B964A00384DC7 /* Horse.swift */ = {isa = PBXFileReference; lastKnownFileType = sourcecode.swift; path = Horse.swift; sourceTree = "<group>"; };
		99EAA8572B2A527900386863 /* pig.wav */ = {isa = PBXFileReference; lastKnownFileType = audio.wav; path = pig.wav; sourceTree = "<group>"; };
		99EAA8582B2A527900386863 /* duck.wav */ = {isa = PBXFileReference; lastKnownFileType = audio.wav; path = duck.wav; sourceTree = "<group>"; };
		99EAA8592B2A527900386863 /* bird.wav */ = {isa = PBXFileReference; lastKnownFileType = audio.wav; path = bird.wav; sourceTree = "<group>"; };
		99EAA85A2B2A527900386863 /* frog.wav */ = {isa = PBXFileReference; lastKnownFileType = audio.wav; path = frog.wav; sourceTree = "<group>"; };
		BCC8AC8E2B29D156002046F0 /* pixelfj8pt1.normal.ttf */ = {isa = PBXFileReference; lastKnownFileType = file; path = pixelfj8pt1.normal.ttf; sourceTree = "<group>"; };
		C28FF2452B2AF0CD00127615 /* gameMusic.wav */ = {isa = PBXFileReference; lastKnownFileType = audio.wav; path = gameMusic.wav; sourceTree = "<group>"; };
		C2C7AF1B2B20954B00317321 /* SampleCode.xcconfig */ = {isa = PBXFileReference; fileEncoding = 4; lastKnownFileType = text.xcconfig; name = SampleCode.xcconfig; path = "Juan-The-Game/SampleCode.xcconfig"; sourceTree = SOURCE_ROOT; };
/* End PBXFileReference section */

/* Begin PBXFrameworksBuildPhase section */
		996124F42B1F914B007F316D /* Frameworks */ = {
			isa = PBXFrameworksBuildPhase;
			buildActionMask = 2147483647;
			files = (
			);
			runOnlyForDeploymentPostprocessing = 0;
		};
/* End PBXFrameworksBuildPhase section */

/* Begin PBXGroup section */
		996124EE2B1F914B007F316D = {
			isa = PBXGroup;
			children = (
				996124F92B1F914B007F316D /* Juan-The-Game */,
				996124F82B1F914B007F316D /* Products */,
			);
			sourceTree = "<group>";
		};
		996124F82B1F914B007F316D /* Products */ = {
			isa = PBXGroup;
			children = (
				996124F72B1F914B007F316D /* Juan-The-Game.app */,
			);
			name = Products;
			sourceTree = "<group>";
		};
		996124F92B1F914B007F316D /* Juan-The-Game */ = {
			isa = PBXGroup;
			children = (
				BCC8AC8E2B29D156002046F0 /* pixelfj8pt1.normal.ttf */,
				996124FA2B1F914B007F316D /* AppDelegate.swift */,
				996125142B1F9242007F316D /* Controllers */,
				996125112B1F9209007F316D /* Scenes */,
				996125152B1F926B007F316D /* Settings.swift */,
				996125042B1F914B007F316D /* Main.storyboard */,
				996125092B1F914C007F316D /* LaunchScreen.storyboard */,
				996125072B1F914C007F316D /* Assets.xcassets */,
				C2C7AF1B2B20954B00317321 /* SampleCode.xcconfig */,
				996EDDD22B1F957300F134B3 /* Sounds */,
			);
			path = "Juan-The-Game";
			sourceTree = "<group>";
		};
		996125112B1F9209007F316D /* Scenes */ = {
			isa = PBXGroup;
			children = (
				996125002B1F914B007F316D /* GameScene.swift */,
				996125122B1F9228007F316D /* MenuScene.swift */,
				990F07E92B2B133900489055 /* ShopScene.swift */,
				998FB9402B2B964A00384DC7 /* Horse.swift */,
			);
			path = Scenes;
			sourceTree = "<group>";
		};
		996125142B1F9242007F316D /* Controllers */ = {
			isa = PBXGroup;
			children = (
				996125022B1F914B007F316D /* GameViewController.swift */,
			);
			path = Controllers;
			sourceTree = "<group>";
		};
		996EDDD22B1F957300F134B3 /* Sounds */ = {
			isa = PBXGroup;
			children = (
				990F07E72B2B0F7700489055 /* coin.wav */,
				996EDDD52B1F95D900F134B3 /* break.wav */,
				996EDDD62B1F95D900F134B3 /* gameOver.wav */,
				99EAA8592B2A527900386863 /* bird.wav */,
				99EAA8582B2A527900386863 /* duck.wav */,
				99EAA85A2B2A527900386863 /* frog.wav */,
				99EAA8572B2A527900386863 /* pig.wav */,
				996EDDD42B1F95D900F134B3 /* jump.wav */,
				996EDDD32B1F95D900F134B3 /* superJump.wav */,
				C28FF2452B2AF0CD00127615 /* gameMusic.wav */,
			);
			path = Sounds;
			sourceTree = "<group>";
		};
/* End PBXGroup section */

/* Begin PBXNativeTarget section */
		996124F62B1F914B007F316D /* Juan-The-Game */ = {
			isa = PBXNativeTarget;
			buildConfigurationList = 9961250E2B1F914C007F316D /* Build configuration list for PBXNativeTarget "Juan-The-Game" */;
			buildPhases = (
				996124F32B1F914B007F316D /* Sources */,
				996124F42B1F914B007F316D /* Frameworks */,
				996124F52B1F914B007F316D /* Resources */,
			);
			buildRules = (
			);
			dependencies = (
			);
			name = "Juan-The-Game";
			productName = "Juan-The-Game";
			productReference = 996124F72B1F914B007F316D /* Juan-The-Game.app */;
			productType = "com.apple.product-type.application";
		};
/* End PBXNativeTarget section */

/* Begin PBXProject section */
		996124EF2B1F914B007F316D /* Project object */ = {
			isa = PBXProject;
			attributes = {
				BuildIndependentTargetsInParallel = 1;
				LastSwiftUpdateCheck = 1500;
				LastUpgradeCheck = 1500;
				TargetAttributes = {
					996124F62B1F914B007F316D = {
						CreatedOnToolsVersion = 15.0.1;
					};
				};
			};
			buildConfigurationList = 996124F22B1F914B007F316D /* Build configuration list for PBXProject "Juan-The-Game" */;
			compatibilityVersion = "Xcode 14.0";
			developmentRegion = en;
			hasScannedForEncodings = 0;
			knownRegions = (
				en,
				Base,
			);
			mainGroup = 996124EE2B1F914B007F316D;
			productRefGroup = 996124F82B1F914B007F316D /* Products */;
			projectDirPath = "";
			projectRoot = "";
			targets = (
				996124F62B1F914B007F316D /* Juan-The-Game */,
			);
		};
/* End PBXProject section */

/* Begin PBXResourcesBuildPhase section */
		996124F52B1F914B007F316D /* Resources */ = {
			isa = PBXResourcesBuildPhase;
			buildActionMask = 2147483647;
			files = (
				996125062B1F914B007F316D /* Main.storyboard in Resources */,
				99EAA85C2B2A527900386863 /* duck.wav in Resources */,
				C28FF2462B2AF0CD00127615 /* gameMusic.wav in Resources */,
				996EDDD92B1F95D900F134B3 /* break.wav in Resources */,
				996125082B1F914C007F316D /* Assets.xcassets in Resources */,
				996EDDD82B1F95D900F134B3 /* jump.wav in Resources */,
				9961250B2B1F914C007F316D /* LaunchScreen.storyboard in Resources */,
				996EDDDA2B1F95D900F134B3 /* gameOver.wav in Resources */,
				990F07E82B2B0F7700489055 /* coin.wav in Resources */,
				BCC8AC8F2B29D156002046F0 /* pixelfj8pt1.normal.ttf in Resources */,
				996EDDD72B1F95D900F134B3 /* superJump.wav in Resources */,
				C2C7AF1C2B20954B00317321 /* SampleCode.xcconfig in Resources */,
				99EAA85D2B2A527900386863 /* bird.wav in Resources */,
				99EAA85E2B2A527900386863 /* frog.wav in Resources */,
				99EAA85B2B2A527900386863 /* pig.wav in Resources */,
			);
			runOnlyForDeploymentPostprocessing = 0;
		};
/* End PBXResourcesBuildPhase section */

/* Begin PBXSourcesBuildPhase section */
		996124F32B1F914B007F316D /* Sources */ = {
			isa = PBXSourcesBuildPhase;
			buildActionMask = 2147483647;
			files = (
				990F07EA2B2B133900489055 /* ShopScene.swift in Sources */,
				996125012B1F914B007F316D /* GameScene.swift in Sources */,
				996125132B1F9228007F316D /* MenuScene.swift in Sources */,
				996125032B1F914B007F316D /* GameViewController.swift in Sources */,
				998FB9412B2B964A00384DC7 /* Horse.swift in Sources */,
				996124FB2B1F914B007F316D /* AppDelegate.swift in Sources */,
				996125162B1F926B007F316D /* Settings.swift in Sources */,
			);
			runOnlyForDeploymentPostprocessing = 0;
		};
/* End PBXSourcesBuildPhase section */

/* Begin PBXVariantGroup section */
		996125042B1F914B007F316D /* Main.storyboard */ = {
			isa = PBXVariantGroup;
			children = (
				996125052B1F914B007F316D /* Base */,
			);
			name = Main.storyboard;
			sourceTree = "<group>";
		};
		996125092B1F914C007F316D /* LaunchScreen.storyboard */ = {
			isa = PBXVariantGroup;
			children = (
				9961250A2B1F914C007F316D /* Base */,
			);
			name = LaunchScreen.storyboard;
			sourceTree = "<group>";
		};
/* End PBXVariantGroup section */

/* Begin XCBuildConfiguration section */
		9961250C2B1F914C007F316D /* Debug */ = {
			isa = XCBuildConfiguration;
			buildSettings = {
				ALWAYS_SEARCH_USER_PATHS = NO;
				ASSETCATALOG_COMPILER_GENERATE_SWIFT_ASSET_SYMBOL_EXTENSIONS = YES;
				CLANG_ANALYZER_NONNULL = YES;
				CLANG_ANALYZER_NUMBER_OBJECT_CONVERSION = YES_AGGRESSIVE;
				CLANG_CXX_LANGUAGE_STANDARD = "gnu++20";
				CLANG_ENABLE_MODULES = YES;
				CLANG_ENABLE_OBJC_ARC = YES;
				CLANG_ENABLE_OBJC_WEAK = YES;
				CLANG_WARN_BLOCK_CAPTURE_AUTORELEASING = YES;
				CLANG_WARN_BOOL_CONVERSION = YES;
				CLANG_WARN_COMMA = YES;
				CLANG_WARN_CONSTANT_CONVERSION = YES;
				CLANG_WARN_DEPRECATED_OBJC_IMPLEMENTATIONS = YES;
				CLANG_WARN_DIRECT_OBJC_ISA_USAGE = YES_ERROR;
				CLANG_WARN_DOCUMENTATION_COMMENTS = YES;
				CLANG_WARN_EMPTY_BODY = YES;
				CLANG_WARN_ENUM_CONVERSION = YES;
				CLANG_WARN_INFINITE_RECURSION = YES;
				CLANG_WARN_INT_CONVERSION = YES;
				CLANG_WARN_NON_LITERAL_NULL_CONVERSION = YES;
				CLANG_WARN_OBJC_IMPLICIT_RETAIN_SELF = YES;
				CLANG_WARN_OBJC_LITERAL_CONVERSION = YES;
				CLANG_WARN_OBJC_ROOT_CLASS = YES_ERROR;
				CLANG_WARN_QUOTED_INCLUDE_IN_FRAMEWORK_HEADER = YES;
				CLANG_WARN_RANGE_LOOP_ANALYSIS = YES;
				CLANG_WARN_STRICT_PROTOTYPES = YES;
				CLANG_WARN_SUSPICIOUS_MOVE = YES;
				CLANG_WARN_UNGUARDED_AVAILABILITY = YES_AGGRESSIVE;
				CLANG_WARN_UNREACHABLE_CODE = YES;
				CLANG_WARN__DUPLICATE_METHOD_MATCH = YES;
				COPY_PHASE_STRIP = NO;
				DEBUG_INFORMATION_FORMAT = dwarf;
				ENABLE_STRICT_OBJC_MSGSEND = YES;
				ENABLE_TESTABILITY = YES;
				ENABLE_USER_SCRIPT_SANDBOXING = YES;
				GCC_C_LANGUAGE_STANDARD = gnu17;
				GCC_DYNAMIC_NO_PIC = NO;
				GCC_NO_COMMON_BLOCKS = YES;
				GCC_OPTIMIZATION_LEVEL = 0;
				GCC_PREPROCESSOR_DEFINITIONS = (
					"DEBUG=1",
					"$(inherited)",
				);
				GCC_WARN_64_TO_32_BIT_CONVERSION = YES;
				GCC_WARN_ABOUT_RETURN_TYPE = YES_ERROR;
				GCC_WARN_UNDECLARED_SELECTOR = YES;
				GCC_WARN_UNINITIALIZED_AUTOS = YES_AGGRESSIVE;
				GCC_WARN_UNUSED_FUNCTION = YES;
				GCC_WARN_UNUSED_VARIABLE = YES;
				IPHONEOS_DEPLOYMENT_TARGET = 17.0;
				LOCALIZATION_PREFERS_STRING_CATALOGS = YES;
				MTL_ENABLE_DEBUG_INFO = INCLUDE_SOURCE;
				MTL_FAST_MATH = YES;
				ONLY_ACTIVE_ARCH = YES;
				SDKROOT = iphoneos;
				SWIFT_ACTIVE_COMPILATION_CONDITIONS = "DEBUG $(inherited)";
				SWIFT_OPTIMIZATION_LEVEL = "-Onone";
			};
			name = Debug;
		};
		9961250D2B1F914C007F316D /* Release */ = {
			isa = XCBuildConfiguration;
			buildSettings = {
				ALWAYS_SEARCH_USER_PATHS = NO;
				ASSETCATALOG_COMPILER_GENERATE_SWIFT_ASSET_SYMBOL_EXTENSIONS = YES;
				CLANG_ANALYZER_NONNULL = YES;
				CLANG_ANALYZER_NUMBER_OBJECT_CONVERSION = YES_AGGRESSIVE;
				CLANG_CXX_LANGUAGE_STANDARD = "gnu++20";
				CLANG_ENABLE_MODULES = YES;
				CLANG_ENABLE_OBJC_ARC = YES;
				CLANG_ENABLE_OBJC_WEAK = YES;
				CLANG_WARN_BLOCK_CAPTURE_AUTORELEASING = YES;
				CLANG_WARN_BOOL_CONVERSION = YES;
				CLANG_WARN_COMMA = YES;
				CLANG_WARN_CONSTANT_CONVERSION = YES;
				CLANG_WARN_DEPRECATED_OBJC_IMPLEMENTATIONS = YES;
				CLANG_WARN_DIRECT_OBJC_ISA_USAGE = YES_ERROR;
				CLANG_WARN_DOCUMENTATION_COMMENTS = YES;
				CLANG_WARN_EMPTY_BODY = YES;
				CLANG_WARN_ENUM_CONVERSION = YES;
				CLANG_WARN_INFINITE_RECURSION = YES;
				CLANG_WARN_INT_CONVERSION = YES;
				CLANG_WARN_NON_LITERAL_NULL_CONVERSION = YES;
				CLANG_WARN_OBJC_IMPLICIT_RETAIN_SELF = YES;
				CLANG_WARN_OBJC_LITERAL_CONVERSION = YES;
				CLANG_WARN_OBJC_ROOT_CLASS = YES_ERROR;
				CLANG_WARN_QUOTED_INCLUDE_IN_FRAMEWORK_HEADER = YES;
				CLANG_WARN_RANGE_LOOP_ANALYSIS = YES;
				CLANG_WARN_STRICT_PROTOTYPES = YES;
				CLANG_WARN_SUSPICIOUS_MOVE = YES;
				CLANG_WARN_UNGUARDED_AVAILABILITY = YES_AGGRESSIVE;
				CLANG_WARN_UNREACHABLE_CODE = YES;
				CLANG_WARN__DUPLICATE_METHOD_MATCH = YES;
				COPY_PHASE_STRIP = NO;
				DEBUG_INFORMATION_FORMAT = "dwarf-with-dsym";
				ENABLE_NS_ASSERTIONS = NO;
				ENABLE_STRICT_OBJC_MSGSEND = YES;
				ENABLE_USER_SCRIPT_SANDBOXING = YES;
				GCC_C_LANGUAGE_STANDARD = gnu17;
				GCC_NO_COMMON_BLOCKS = YES;
				GCC_WARN_64_TO_32_BIT_CONVERSION = YES;
				GCC_WARN_ABOUT_RETURN_TYPE = YES_ERROR;
				GCC_WARN_UNDECLARED_SELECTOR = YES;
				GCC_WARN_UNINITIALIZED_AUTOS = YES_AGGRESSIVE;
				GCC_WARN_UNUSED_FUNCTION = YES;
				GCC_WARN_UNUSED_VARIABLE = YES;
				IPHONEOS_DEPLOYMENT_TARGET = 17.0;
				LOCALIZATION_PREFERS_STRING_CATALOGS = YES;
				MTL_ENABLE_DEBUG_INFO = NO;
				MTL_FAST_MATH = YES;
				SDKROOT = iphoneos;
				SWIFT_COMPILATION_MODE = wholemodule;
				VALIDATE_PRODUCT = YES;
			};
			name = Release;
		};
		9961250F2B1F914C007F316D /* Debug */ = {
			isa = XCBuildConfiguration;
			buildSettings = {
				ASSETCATALOG_COMPILER_APPICON_NAME = AppIcon;
				ASSETCATALOG_COMPILER_GLOBAL_ACCENT_COLOR_NAME = AccentColor;
				CODE_SIGN_IDENTITY = "Apple Development";
				CODE_SIGN_STYLE = Automatic;
				CURRENT_PROJECT_VERSION = 1;
				DEVELOPMENT_TEAM = 4Y3AUCBUM3;
				GENERATE_INFOPLIST_FILE = YES;
				INFOPLIST_FILE = "Juan-The-Game/Info.plist";
				INFOPLIST_KEY_UIApplicationSupportsIndirectInputEvents = YES;
				INFOPLIST_KEY_UILaunchStoryboardName = LaunchScreen;
				INFOPLIST_KEY_UIMainStoryboardFile = Main;
				INFOPLIST_KEY_UIStatusBarHidden = YES;
				INFOPLIST_KEY_UISupportedInterfaceOrientations = UIInterfaceOrientationPortrait;
				LD_RUNPATH_SEARCH_PATHS = (
					"$(inherited)",
					"@executable_path/Frameworks",
				);
				MARKETING_VERSION = 1.0;
				PRODUCT_BUNDLE_IDENTIFIER = "com.matteo-cotena.Juan-The-Game.io";
				PRODUCT_NAME = "$(TARGET_NAME)";
				PROVISIONING_PROFILE_SPECIFIER = "";
				SAMPLE_CODE_DISAMBIGUATOR = "";
				SWIFT_EMIT_LOC_STRINGS = YES;
				SWIFT_VERSION = 5.0;
				TARGETED_DEVICE_FAMILY = "1,2";
			};
			name = Debug;
		};
		996125102B1F914C007F316D /* Release */ = {
			isa = XCBuildConfiguration;
			buildSettings = {
				ASSETCATALOG_COMPILER_APPICON_NAME = AppIcon;
				ASSETCATALOG_COMPILER_GLOBAL_ACCENT_COLOR_NAME = AccentColor;
				CODE_SIGN_IDENTITY = "Apple Development";
				CODE_SIGN_STYLE = Automatic;
				CURRENT_PROJECT_VERSION = 1;
				DEVELOPMENT_TEAM = 4Y3AUCBUM3;
				GENERATE_INFOPLIST_FILE = YES;
				INFOPLIST_FILE = "Juan-The-Game/Info.plist";
				INFOPLIST_KEY_UIApplicationSupportsIndirectInputEvents = YES;
				INFOPLIST_KEY_UILaunchStoryboardName = LaunchScreen;
				INFOPLIST_KEY_UIMainStoryboardFile = Main;
				INFOPLIST_KEY_UIStatusBarHidden = YES;
				INFOPLIST_KEY_UISupportedInterfaceOrientations = UIInterfaceOrientationPortrait;
				LD_RUNPATH_SEARCH_PATHS = (
					"$(inherited)",
					"@executable_path/Frameworks",
				);
				MARKETING_VERSION = 1.0;
				PRODUCT_BUNDLE_IDENTIFIER = "com.matteo-cotena.Juan-The-Game.io";
				PRODUCT_NAME = "$(TARGET_NAME)";
				PROVISIONING_PROFILE_SPECIFIER = "";
				SAMPLE_CODE_DISAMBIGUATOR = "";
				SWIFT_EMIT_LOC_STRINGS = YES;
				SWIFT_VERSION = 5.0;
				TARGETED_DEVICE_FAMILY = "1,2";
			};
			name = Release;
		};
/* End XCBuildConfiguration section */

/* Begin XCConfigurationList section */
		996124F22B1F914B007F316D /* Build configuration list for PBXProject "Juan-The-Game" */ = {
			isa = XCConfigurationList;
			buildConfigurations = (
				9961250C2B1F914C007F316D /* Debug */,
				9961250D2B1F914C007F316D /* Release */,
			);
			defaultConfigurationIsVisible = 0;
			defaultConfigurationName = Release;
		};
		9961250E2B1F914C007F316D /* Build configuration list for PBXNativeTarget "Juan-The-Game" */ = {
			isa = XCConfigurationList;
			buildConfigurations = (
				9961250F2B1F914C007F316D /* Debug */,
				996125102B1F914C007F316D /* Release */,
			);
			defaultConfigurationIsVisible = 0;
			defaultConfigurationName = Release;
		};
/* End XCConfigurationList section */
	};
	rootObject = 996124EF2B1F914B007F316D /* Project object */;
}
